
Microsoft Visual Studio Solution File, Format Version 12.00
# Visual Studio 14
VisualStudioVersion = 14.0.24720.0
MinimumVisualStudioVersion = 10.0.40219.1
Project("{FAE04EC0-301F-11D3-BF4B-00C04F79EFBC}") = "LaboratorioListaPedidos", "LaboratorioListaPedidos\LaboratorioListaPedidos.csproj", "{6073C26E-879F-48FF-B4BA-752F60A4C6B1}"
EndProject
Project("{FAE04EC0-301F-11D3-BF4B-00C04F79EFBC}") = "LaboratorioListaPedidosWeb", "LaboratorioListaPedidosWeb\LaboratorioListaPedidosWeb.csproj", "{2EB827BB-5C24-4BAE-96A1-FCBDA47021BD}"
EndProject
Global
	GlobalSection(SolutionConfigurationPlatforms) = preSolution
		Debug|Any CPU = Debug|Any CPU
		Release|Any CPU = Release|Any CPU
	EndGlobalSection
	GlobalSection(ProjectConfigurationPlatforms) = postSolution
		{6073C26E-879F-48FF-B4BA-752F60A4C6B1}.Debug|Any CPU.ActiveCfg = Debug|Any CPU
		{6073C26E-879F-48FF-B4BA-752F60A4C6B1}.Debug|Any CPU.Build.0 = Debug|Any CPU
		{6073C26E-879F-48FF-B4BA-752F60A4C6B1}.Debug|Any CPU.Deploy.0 = Debug|Any CPU
		{6073C26E-879F-48FF-B4BA-752F60A4C6B1}.Release|Any CPU.ActiveCfg = Release|Any CPU
		{6073C26E-879F-48FF-B4BA-752F60A4C6B1}.Release|Any CPU.Build.0 = Release|Any CPU
		{6073C26E-879F-48FF-B4BA-752F60A4C6B1}.Release|Any CPU.Deploy.0 = Release|Any CPU
		{2EB827BB-5C24-4BAE-96A1-FCBDA47021BD}.Debug|Any CPU.ActiveCfg = Debug|Any CPU
		{2EB827BB-5C24-4BAE-96A1-FCBDA47021BD}.Debug|Any CPU.Build.0 = Debug|Any CPU
		{2EB827BB-5C24-4BAE-96A1-FCBDA47021BD}.Release|Any CPU.ActiveCfg = Release|Any CPU
		{2EB827BB-5C24-4BAE-96A1-FCBDA47021BD}.Release|Any CPU.Build.0 = Release|Any CPU
	EndGlobalSection
	GlobalSection(SolutionProperties) = preSolution
		HideSolutionNode = FALSE
	EndGlobalSection
EndGlobal
